// !$*UTF8*$!
{
	archiveVersion = 1;
	classes = {
	};
	objectVersion = 46;
	objects = {

/* Begin PBXAggregateTarget section */
		2CEB6B59168C025500D7C8B1 /* Mogenerator */ = {
			isa = PBXAggregateTarget;
			buildConfigurationList = 2CEB6B5A168C025500D7C8B1 /* Build configuration list for PBXAggregateTarget "Mogenerator" */;
			buildPhases = (
				2CEB6B5D168C027900D7C8B1 /* ShellScript */,
			);
			dependencies = (
			);
			name = Mogenerator;
			productName = Mogenerator;
		};
/* End PBXAggregateTarget section */

/* Begin PBXBuildFile section */
		2C897D00168D62AE00F66936 /* SetEntity.m in Sources */ = {isa = PBXBuildFile; fileRef = 2C897CFF168D62AE00F66936 /* SetEntity.m */; };
		2C897D03168D62B700F66936 /* _SetEntity.m in Sources */ = {isa = PBXBuildFile; fileRef = 2C897D02168D62B700F66936 /* _SetEntity.m */; };
		2C8F1701168F72B200A5F5E1 /* GroupDetailsViewController.m in Sources */ = {isa = PBXBuildFile; fileRef = 2C8F1700168F72B200A5F5E1 /* GroupDetailsViewController.m */; };
		2C8FCB441690B051009982D3 /* NSManagedObject+WATK_Extension.m in Sources */ = {isa = PBXBuildFile; fileRef = 2C8FCB431690B051009982D3 /* NSManagedObject+WATK_Extension.m */; };
		2C911524168CF6FC0089768D /* ClassDetailsViewController.m in Sources */ = {isa = PBXBuildFile; fileRef = 2C911523168CF6FB0089768D /* ClassDetailsViewController.m */; };
		2C911529168D084F0089768D /* ClassEntity.m in Sources */ = {isa = PBXBuildFile; fileRef = 2C911526168D084F0089768D /* ClassEntity.m */; };
		2C91152A168D084F0089768D /* GroupEntity.m in Sources */ = {isa = PBXBuildFile; fileRef = 2C911528168D084F0089768D /* GroupEntity.m */; };
		2C91152F168D08730089768D /* _ClassEntity.m in Sources */ = {isa = PBXBuildFile; fileRef = 2C91152C168D08720089768D /* _ClassEntity.m */; };
		2C911530168D08730089768D /* _GroupEntity.m in Sources */ = {isa = PBXBuildFile; fileRef = 2C91152E168D08730089768D /* _GroupEntity.m */; };
		2C964B751691499400896116 /* SetViewController.m in Sources */ = {isa = PBXBuildFile; fileRef = 2C964B741691499400896116 /* SetViewController.m */; };
		2CEB6B57168C015800D7C8B1 /* SingleCDStack.m in Sources */ = {isa = PBXBuildFile; fileRef = 2CEB6B56168C015800D7C8B1 /* SingleCDStack.m */; };
		2CEB6B78168C263500D7C8B1 /* PersonEntity.m in Sources */ = {isa = PBXBuildFile; fileRef = 2CEB6B74168C263500D7C8B1 /* PersonEntity.m */; };
		2CEB6B79168C263500D7C8B1 /* _PersonEntity.m in Sources */ = {isa = PBXBuildFile; fileRef = 2CEB6B77168C263500D7C8B1 /* _PersonEntity.m */; };
		2CEB6B7D168C284E00D7C8B1 /* AppDelegate.m in Sources */ = {isa = PBXBuildFile; fileRef = 2CEB6B7C168C284D00D7C8B1 /* AppDelegate.m */; };
		2CEB6B83168C2E1D00D7C8B1 /* libTestFlight.a in Frameworks */ = {isa = PBXBuildFile; fileRef = 2CEB6B7F168C2E1D00D7C8B1 /* libTestFlight.a */; };
		2CEB6B84168C2E1D00D7C8B1 /* README.md in Resources */ = {isa = PBXBuildFile; fileRef = 2CEB6B80168C2E1D00D7C8B1 /* README.md */; };
		2CEB6B85168C2E1D00D7C8B1 /* release_notes.md in Resources */ = {isa = PBXBuildFile; fileRef = 2CEB6B81168C2E1D00D7C8B1 /* release_notes.md */; };
		2CEB6B87168C2E4E00D7C8B1 /* libz.dylib in Frameworks */ = {isa = PBXBuildFile; fileRef = 2CEB6B86168C2E4E00D7C8B1 /* libz.dylib */; };
		B00A09481690164700614363 /* ClassesViewController.m in Sources */ = {isa = PBXBuildFile; fileRef = B00A09471690164700614363 /* ClassesViewController.m */; };
		B0A37B0F168BF54D00D35B81 /* UIKit.framework in Frameworks */ = {isa = PBXBuildFile; fileRef = B0A37B0E168BF54D00D35B81 /* UIKit.framework */; };
		B0A37B11168BF54D00D35B81 /* Foundation.framework in Frameworks */ = {isa = PBXBuildFile; fileRef = B0A37B10168BF54D00D35B81 /* Foundation.framework */; };
		B0A37B13168BF54D00D35B81 /* CoreGraphics.framework in Frameworks */ = {isa = PBXBuildFile; fileRef = B0A37B12168BF54D00D35B81 /* CoreGraphics.framework */; };
		B0A37B15168BF54D00D35B81 /* CoreData.framework in Frameworks */ = {isa = PBXBuildFile; fileRef = B0A37B14168BF54D00D35B81 /* CoreData.framework */; };
		B0A37B1B168BF54D00D35B81 /* InfoPlist.strings in Resources */ = {isa = PBXBuildFile; fileRef = B0A37B19168BF54D00D35B81 /* InfoPlist.strings */; };
		B0A37B1D168BF54D00D35B81 /* main.m in Sources */ = {isa = PBXBuildFile; fileRef = B0A37B1C168BF54D00D35B81 /* main.m */; };
		B0A37B23168BF54D00D35B81 /* Default.png in Resources */ = {isa = PBXBuildFile; fileRef = B0A37B22168BF54D00D35B81 /* Default.png */; };
		B0A37B25168BF54E00D35B81 /* Default@2x.png in Resources */ = {isa = PBXBuildFile; fileRef = B0A37B24168BF54D00D35B81 /* Default@2x.png */; };
		B0A37B27168BF54E00D35B81 /* Default-568h@2x.png in Resources */ = {isa = PBXBuildFile; fileRef = B0A37B26168BF54E00D35B81 /* Default-568h@2x.png */; };
		B0A37B2A168BF54E00D35B81 /* MainStoryboard_iPhone.storyboard in Resources */ = {isa = PBXBuildFile; fileRef = B0A37B28168BF54E00D35B81 /* MainStoryboard_iPhone.storyboard */; };
		B0A37B2D168BF54E00D35B81 /* MainStoryboard_iPad.storyboard in Resources */ = {isa = PBXBuildFile; fileRef = B0A37B2B168BF54E00D35B81 /* MainStoryboard_iPad.storyboard */; };
		B0A37B30168BF54E00D35B81 /* Partner_Up.xcdatamodeld in Sources */ = {isa = PBXBuildFile; fileRef = B0A37B2E168BF54E00D35B81 /* Partner_Up.xcdatamodeld */; };
		B0A37B36168BF54E00D35B81 /* GroupsViewController.m in Sources */ = {isa = PBXBuildFile; fileRef = B0A37B35168BF54E00D35B81 /* GroupsViewController.m */; };
		B0B6204716914BA400536F0E /* SetGenerator.m in Sources */ = {isa = PBXBuildFile; fileRef = B0B6204616914BA400536F0E /* SetGenerator.m */; };
		B0B6204C169155C900536F0E /* NSMutableArray+Helpers.m in Sources */ = {isa = PBXBuildFile; fileRef = B0B6204B169155C900536F0E /* NSMutableArray+Helpers.m */; };
/* End PBXBuildFile section */

/* Begin PBXContainerItemProxy section */
		2CEB6B67168C035900D7C8B1 /* PBXContainerItemProxy */ = {
			isa = PBXContainerItemProxy;
			containerPortal = B0A37B01168BF54D00D35B81 /* Project object */;
			proxyType = 1;
			remoteGlobalIDString = 2CEB6B59168C025500D7C8B1;
			remoteInfo = Mogenerator;
		};
/* End PBXContainerItemProxy section */

/* Begin PBXFileReference section */
		2C897CFE168D62AE00F66936 /* SetEntity.h */ = {isa = PBXFileReference; fileEncoding = 4; lastKnownFileType = sourcecode.c.h; path = SetEntity.h; sourceTree = "<group>"; };
		2C897CFF168D62AE00F66936 /* SetEntity.m */ = {isa = PBXFileReference; fileEncoding = 4; lastKnownFileType = sourcecode.c.objc; path = SetEntity.m; sourceTree = "<group>"; };
		2C897D01168D62B700F66936 /* _SetEntity.h */ = {isa = PBXFileReference; fileEncoding = 4; lastKnownFileType = sourcecode.c.h; path = _SetEntity.h; sourceTree = "<group>"; };
		2C897D02168D62B700F66936 /* _SetEntity.m */ = {isa = PBXFileReference; fileEncoding = 4; lastKnownFileType = sourcecode.c.objc; path = _SetEntity.m; sourceTree = "<group>"; };
		2C8F16FF168F72B200A5F5E1 /* GroupDetailsViewController.h */ = {isa = PBXFileReference; fileEncoding = 4; lastKnownFileType = sourcecode.c.h; path = GroupDetailsViewController.h; sourceTree = "<group>"; };
		2C8F1700168F72B200A5F5E1 /* GroupDetailsViewController.m */ = {isa = PBXFileReference; fileEncoding = 4; lastKnownFileType = sourcecode.c.objc; path = GroupDetailsViewController.m; sourceTree = "<group>"; };
		2C8FCB421690B051009982D3 /* NSManagedObject+WATK_Extension.h */ = {isa = PBXFileReference; fileEncoding = 4; lastKnownFileType = sourcecode.c.h; path = "NSManagedObject+WATK_Extension.h"; sourceTree = "<group>"; };
		2C8FCB431690B051009982D3 /* NSManagedObject+WATK_Extension.m */ = {isa = PBXFileReference; fileEncoding = 4; lastKnownFileType = sourcecode.c.objc; path = "NSManagedObject+WATK_Extension.m"; sourceTree = "<group>"; };
		2C911522168CF6FB0089768D /* ClassDetailsViewController.h */ = {isa = PBXFileReference; fileEncoding = 4; lastKnownFileType = sourcecode.c.h; path = ClassDetailsViewController.h; sourceTree = "<group>"; };
		2C911523168CF6FB0089768D /* ClassDetailsViewController.m */ = {isa = PBXFileReference; fileEncoding = 4; lastKnownFileType = sourcecode.c.objc; path = ClassDetailsViewController.m; sourceTree = "<group>"; };
		2C911525168D084F0089768D /* ClassEntity.h */ = {isa = PBXFileReference; fileEncoding = 4; lastKnownFileType = sourcecode.c.h; path = ClassEntity.h; sourceTree = "<group>"; };
		2C911526168D084F0089768D /* ClassEntity.m */ = {isa = PBXFileReference; fileEncoding = 4; lastKnownFileType = sourcecode.c.objc; path = ClassEntity.m; sourceTree = "<group>"; };
		2C911527168D084F0089768D /* GroupEntity.h */ = {isa = PBXFileReference; fileEncoding = 4; lastKnownFileType = sourcecode.c.h; path = GroupEntity.h; sourceTree = "<group>"; };
		2C911528168D084F0089768D /* GroupEntity.m */ = {isa = PBXFileReference; fileEncoding = 4; lastKnownFileType = sourcecode.c.objc; path = GroupEntity.m; sourceTree = "<group>"; };
		2C91152B168D08720089768D /* _ClassEntity.h */ = {isa = PBXFileReference; fileEncoding = 4; lastKnownFileType = sourcecode.c.h; path = _ClassEntity.h; sourceTree = "<group>"; };
		2C91152C168D08720089768D /* _ClassEntity.m */ = {isa = PBXFileReference; fileEncoding = 4; lastKnownFileType = sourcecode.c.objc; path = _ClassEntity.m; sourceTree = "<group>"; };
		2C91152D168D08730089768D /* _GroupEntity.h */ = {isa = PBXFileReference; fileEncoding = 4; lastKnownFileType = sourcecode.c.h; path = _GroupEntity.h; sourceTree = "<group>"; };
		2C91152E168D08730089768D /* _GroupEntity.m */ = {isa = PBXFileReference; fileEncoding = 4; lastKnownFileType = sourcecode.c.objc; path = _GroupEntity.m; sourceTree = "<group>"; };
		2C964B731691499400896116 /* SetViewController.h */ = {isa = PBXFileReference; fileEncoding = 4; lastKnownFileType = sourcecode.c.h; path = SetViewController.h; sourceTree = "<group>"; };
		2C964B741691499400896116 /* SetViewController.m */ = {isa = PBXFileReference; fileEncoding = 4; lastKnownFileType = sourcecode.c.objc; path = SetViewController.m; sourceTree = "<group>"; };
		2CEB6B55168C015800D7C8B1 /* SingleCDStack.h */ = {isa = PBXFileReference; fileEncoding = 4; lastKnownFileType = sourcecode.c.h; path = SingleCDStack.h; sourceTree = "<group>"; };
		2CEB6B56168C015800D7C8B1 /* SingleCDStack.m */ = {isa = PBXFileReference; fileEncoding = 4; lastKnownFileType = sourcecode.c.objc; path = SingleCDStack.m; sourceTree = "<group>"; };
		2CEB6B73168C263500D7C8B1 /* PersonEntity.h */ = {isa = PBXFileReference; fileEncoding = 4; lastKnownFileType = sourcecode.c.h; path = PersonEntity.h; sourceTree = "<group>"; };
		2CEB6B74168C263500D7C8B1 /* PersonEntity.m */ = {isa = PBXFileReference; fileEncoding = 4; lastKnownFileType = sourcecode.c.objc; path = PersonEntity.m; sourceTree = "<group>"; };
		2CEB6B76168C263500D7C8B1 /* _PersonEntity.h */ = {isa = PBXFileReference; fileEncoding = 4; lastKnownFileType = sourcecode.c.h; path = _PersonEntity.h; sourceTree = "<group>"; };
		2CEB6B77168C263500D7C8B1 /* _PersonEntity.m */ = {isa = PBXFileReference; fileEncoding = 4; lastKnownFileType = sourcecode.c.objc; path = _PersonEntity.m; sourceTree = "<group>"; };
		2CEB6B7C168C284D00D7C8B1 /* AppDelegate.m */ = {isa = PBXFileReference; fileEncoding = 4; lastKnownFileType = sourcecode.c.objc; path = AppDelegate.m; sourceTree = "<group>"; };
		2CEB6B7F168C2E1D00D7C8B1 /* libTestFlight.a */ = {isa = PBXFileReference; lastKnownFileType = archive.ar; path = libTestFlight.a; sourceTree = "<group>"; };
		2CEB6B80168C2E1D00D7C8B1 /* README.md */ = {isa = PBXFileReference; fileEncoding = 4; lastKnownFileType = text; path = README.md; sourceTree = "<group>"; };
		2CEB6B81168C2E1D00D7C8B1 /* release_notes.md */ = {isa = PBXFileReference; fileEncoding = 4; lastKnownFileType = text; path = release_notes.md; sourceTree = "<group>"; };
		2CEB6B82168C2E1D00D7C8B1 /* TestFlight.h */ = {isa = PBXFileReference; fileEncoding = 4; lastKnownFileType = sourcecode.c.h; path = TestFlight.h; sourceTree = "<group>"; };
		2CEB6B86168C2E4E00D7C8B1 /* libz.dylib */ = {isa = PBXFileReference; lastKnownFileType = "compiled.mach-o.dylib"; name = libz.dylib; path = usr/lib/libz.dylib; sourceTree = SDKROOT; };
		B00A09471690164700614363 /* ClassesViewController.m */ = {isa = PBXFileReference; fileEncoding = 4; lastKnownFileType = sourcecode.c.objc; path = ClassesViewController.m; sourceTree = "<group>"; };
		B0A37B0A168BF54D00D35B81 /* Partner Up.app */ = {isa = PBXFileReference; explicitFileType = wrapper.application; includeInIndex = 0; path = "Partner Up.app"; sourceTree = BUILT_PRODUCTS_DIR; };
		B0A37B0E168BF54D00D35B81 /* UIKit.framework */ = {isa = PBXFileReference; lastKnownFileType = wrapper.framework; name = UIKit.framework; path = System/Library/Frameworks/UIKit.framework; sourceTree = SDKROOT; };
		B0A37B10168BF54D00D35B81 /* Foundation.framework */ = {isa = PBXFileReference; lastKnownFileType = wrapper.framework; name = Foundation.framework; path = System/Library/Frameworks/Foundation.framework; sourceTree = SDKROOT; };
		B0A37B12168BF54D00D35B81 /* CoreGraphics.framework */ = {isa = PBXFileReference; lastKnownFileType = wrapper.framework; name = CoreGraphics.framework; path = System/Library/Frameworks/CoreGraphics.framework; sourceTree = SDKROOT; };
		B0A37B14168BF54D00D35B81 /* CoreData.framework */ = {isa = PBXFileReference; lastKnownFileType = wrapper.framework; name = CoreData.framework; path = System/Library/Frameworks/CoreData.framework; sourceTree = SDKROOT; };
		B0A37B18168BF54D00D35B81 /* Partner Up-Info.plist */ = {isa = PBXFileReference; lastKnownFileType = text.plist.xml; path = "Partner Up-Info.plist"; sourceTree = "<group>"; };
		B0A37B1A168BF54D00D35B81 /* en */ = {isa = PBXFileReference; lastKnownFileType = text.plist.strings; name = en; path = en.lproj/InfoPlist.strings; sourceTree = "<group>"; };
		B0A37B1C168BF54D00D35B81 /* main.m */ = {isa = PBXFileReference; lastKnownFileType = sourcecode.c.objc; path = main.m; sourceTree = "<group>"; };
		B0A37B1E168BF54D00D35B81 /* Partner Up-Prefix.pch */ = {isa = PBXFileReference; lastKnownFileType = sourcecode.c.h; path = "Partner Up-Prefix.pch"; sourceTree = "<group>"; };
		B0A37B1F168BF54D00D35B81 /* AppDelegate.h */ = {isa = PBXFileReference; lastKnownFileType = sourcecode.c.h; path = AppDelegate.h; sourceTree = "<group>"; };
		B0A37B22168BF54D00D35B81 /* Default.png */ = {isa = PBXFileReference; lastKnownFileType = image.png; path = Default.png; sourceTree = "<group>"; };
		B0A37B24168BF54D00D35B81 /* Default@2x.png */ = {isa = PBXFileReference; lastKnownFileType = image.png; path = "Default@2x.png"; sourceTree = "<group>"; };
		B0A37B26168BF54E00D35B81 /* Default-568h@2x.png */ = {isa = PBXFileReference; lastKnownFileType = image.png; path = "Default-568h@2x.png"; sourceTree = "<group>"; };
		B0A37B29168BF54E00D35B81 /* en */ = {isa = PBXFileReference; lastKnownFileType = file.storyboard; name = en; path = en.lproj/MainStoryboard_iPhone.storyboard; sourceTree = "<group>"; };
		B0A37B2C168BF54E00D35B81 /* en */ = {isa = PBXFileReference; lastKnownFileType = file.storyboard; name = en; path = en.lproj/MainStoryboard_iPad.storyboard; sourceTree = "<group>"; };
		B0A37B2F168BF54E00D35B81 /* Partner_Up.xcdatamodel */ = {isa = PBXFileReference; lastKnownFileType = wrapper.xcdatamodel; path = Partner_Up.xcdatamodel; sourceTree = "<group>"; };
		B0A37B31168BF54E00D35B81 /* ClassesViewController.h */ = {isa = PBXFileReference; lastKnownFileType = sourcecode.c.h; path = ClassesViewController.h; sourceTree = "<group>"; };
		B0A37B34168BF54E00D35B81 /* GroupsViewController.h */ = {isa = PBXFileReference; lastKnownFileType = sourcecode.c.h; path = GroupsViewController.h; sourceTree = "<group>"; };
		B0A37B35168BF54E00D35B81 /* GroupsViewController.m */ = {isa = PBXFileReference; lastKnownFileType = sourcecode.c.objc; path = GroupsViewController.m; sourceTree = "<group>"; };
		B0B6204516914BA400536F0E /* SetGenerator.h */ = {isa = PBXFileReference; fileEncoding = 4; lastKnownFileType = sourcecode.c.h; path = SetGenerator.h; sourceTree = "<group>"; };
		B0B6204616914BA400536F0E /* SetGenerator.m */ = {isa = PBXFileReference; fileEncoding = 4; lastKnownFileType = sourcecode.c.objc; path = SetGenerator.m; sourceTree = "<group>"; };
		B0B6204A169155C900536F0E /* NSMutableArray+Helpers.h */ = {isa = PBXFileReference; fileEncoding = 4; lastKnownFileType = sourcecode.c.h; path = "NSMutableArray+Helpers.h"; sourceTree = "<group>"; };
		B0B6204B169155C900536F0E /* NSMutableArray+Helpers.m */ = {isa = PBXFileReference; fileEncoding = 4; lastKnownFileType = sourcecode.c.objc; path = "NSMutableArray+Helpers.m"; sourceTree = "<group>"; };
/* End PBXFileReference section */

/* Begin PBXFrameworksBuildPhase section */
		B0A37B07168BF54D00D35B81 /* Frameworks */ = {
			isa = PBXFrameworksBuildPhase;
			buildActionMask = 2147483647;
			files = (
				2CEB6B87168C2E4E00D7C8B1 /* libz.dylib in Frameworks */,
				B0A37B0F168BF54D00D35B81 /* UIKit.framework in Frameworks */,
				B0A37B11168BF54D00D35B81 /* Foundation.framework in Frameworks */,
				B0A37B13168BF54D00D35B81 /* CoreGraphics.framework in Frameworks */,
				B0A37B15168BF54D00D35B81 /* CoreData.framework in Frameworks */,
				2CEB6B83168C2E1D00D7C8B1 /* libTestFlight.a in Frameworks */,
			);
			runOnlyForDeploymentPostprocessing = 0;
		};
/* End PBXFrameworksBuildPhase section */

/* Begin PBXGroup section */
		2CEB6B71168C263500D7C8B1 /* CoreData */ = {
			isa = PBXGroup;
			children = (
				2CEB6B72168C263500D7C8B1 /* HumanFiles */,
				2CEB6B75168C263500D7C8B1 /* MachineFiles */,
			);
			path = CoreData;
			sourceTree = "<group>";
		};
		2CEB6B72168C263500D7C8B1 /* HumanFiles */ = {
			isa = PBXGroup;
			children = (
				2C897CFE168D62AE00F66936 /* SetEntity.h */,
				2C897CFF168D62AE00F66936 /* SetEntity.m */,
				2C911525168D084F0089768D /* ClassEntity.h */,
				2C911526168D084F0089768D /* ClassEntity.m */,
				2C911527168D084F0089768D /* GroupEntity.h */,
				2C911528168D084F0089768D /* GroupEntity.m */,
				2CEB6B73168C263500D7C8B1 /* PersonEntity.h */,
				2CEB6B74168C263500D7C8B1 /* PersonEntity.m */,
			);
			path = HumanFiles;
			sourceTree = "<group>";
		};
		2CEB6B75168C263500D7C8B1 /* MachineFiles */ = {
			isa = PBXGroup;
			children = (
				2C897D01168D62B700F66936 /* _SetEntity.h */,
				2C897D02168D62B700F66936 /* _SetEntity.m */,
				2C91152B168D08720089768D /* _ClassEntity.h */,
				2C91152C168D08720089768D /* _ClassEntity.m */,
				2C91152D168D08730089768D /* _GroupEntity.h */,
				2C91152E168D08730089768D /* _GroupEntity.m */,
				2CEB6B76168C263500D7C8B1 /* _PersonEntity.h */,
				2CEB6B77168C263500D7C8B1 /* _PersonEntity.m */,
			);
			path = MachineFiles;
			sourceTree = "<group>";
		};
		2CEB6B7E168C2E1C00D7C8B1 /* TestFlightSDK1.2 */ = {
			isa = PBXGroup;
			children = (
				2CEB6B7F168C2E1D00D7C8B1 /* libTestFlight.a */,
				2CEB6B80168C2E1D00D7C8B1 /* README.md */,
				2CEB6B81168C2E1D00D7C8B1 /* release_notes.md */,
				2CEB6B82168C2E1D00D7C8B1 /* TestFlight.h */,
			);
			path = TestFlightSDK1.2;
			sourceTree = "<group>";
		};
		B0A37AFF168BF54D00D35B81 = {
			isa = PBXGroup;
			children = (
				2CEB6B86168C2E4E00D7C8B1 /* libz.dylib */,
				B0A37B16168BF54D00D35B81 /* Partner Up */,
				B0A37B0D168BF54D00D35B81 /* Frameworks */,
				B0A37B0B168BF54D00D35B81 /* Products */,
			);
			sourceTree = "<group>";
		};
		B0A37B0B168BF54D00D35B81 /* Products */ = {
			isa = PBXGroup;
			children = (
				B0A37B0A168BF54D00D35B81 /* Partner Up.app */,
			);
			name = Products;
			sourceTree = "<group>";
		};
		B0A37B0D168BF54D00D35B81 /* Frameworks */ = {
			isa = PBXGroup;
			children = (
				B0A37B0E168BF54D00D35B81 /* UIKit.framework */,
				B0A37B10168BF54D00D35B81 /* Foundation.framework */,
				B0A37B12168BF54D00D35B81 /* CoreGraphics.framework */,
				B0A37B14168BF54D00D35B81 /* CoreData.framework */,
			);
			name = Frameworks;
			sourceTree = "<group>";
		};
		B0A37B16168BF54D00D35B81 /* Partner Up */ = {
			isa = PBXGroup;
			children = (
				B0B62049169155AC00536F0E /* Helpers */,
				2CEB6B7E168C2E1C00D7C8B1 /* TestFlightSDK1.2 */,
				2CEB6B71168C263500D7C8B1 /* CoreData */,
				B0A37B1F168BF54D00D35B81 /* AppDelegate.h */,
				2CEB6B7C168C284D00D7C8B1 /* AppDelegate.m */,
				2CEB6B55168C015800D7C8B1 /* SingleCDStack.h */,
				2CEB6B56168C015800D7C8B1 /* SingleCDStack.m */,
				2C8FCB421690B051009982D3 /* NSManagedObject+WATK_Extension.h */,
				2C8FCB431690B051009982D3 /* NSManagedObject+WATK_Extension.m */,
				B0A37B28168BF54E00D35B81 /* MainStoryboard_iPhone.storyboard */,
				B0A37B2B168BF54E00D35B81 /* MainStoryboard_iPad.storyboard */,
				B0A37B31168BF54E00D35B81 /* ClassesViewController.h */,
				B00A09471690164700614363 /* ClassesViewController.m */,
				2C911522168CF6FB0089768D /* ClassDetailsViewController.h */,
				2C911523168CF6FB0089768D /* ClassDetailsViewController.m */,
				B0A37B34168BF54E00D35B81 /* GroupsViewController.h */,
				B0A37B35168BF54E00D35B81 /* GroupsViewController.m */,
				2C8F16FF168F72B200A5F5E1 /* GroupDetailsViewController.h */,
				2C8F1700168F72B200A5F5E1 /* GroupDetailsViewController.m */,
				2C964B731691499400896116 /* SetViewController.h */,
				2C964B741691499400896116 /* SetViewController.m */,
				B0A37B2E168BF54E00D35B81 /* Partner_Up.xcdatamodeld */,
				B0B6204516914BA400536F0E /* SetGenerator.h */,
				B0B6204616914BA400536F0E /* SetGenerator.m */,
				B0A37B17168BF54D00D35B81 /* Supporting Files */,
			);
			path = "Partner Up";
			sourceTree = "<group>";
		};
		B0A37B17168BF54D00D35B81 /* Supporting Files */ = {
			isa = PBXGroup;
			children = (
				B0A37B18168BF54D00D35B81 /* Partner Up-Info.plist */,
				B0A37B19168BF54D00D35B81 /* InfoPlist.strings */,
				B0A37B1C168BF54D00D35B81 /* main.m */,
				B0A37B1E168BF54D00D35B81 /* Partner Up-Prefix.pch */,
				B0A37B22168BF54D00D35B81 /* Default.png */,
				B0A37B24168BF54D00D35B81 /* Default@2x.png */,
				B0A37B26168BF54E00D35B81 /* Default-568h@2x.png */,
			);
			name = "Supporting Files";
			sourceTree = "<group>";
		};
		B0B62049169155AC00536F0E /* Helpers */ = {
			isa = PBXGroup;
			children = (
				B0B6204A169155C900536F0E /* NSMutableArray+Helpers.h */,
				B0B6204B169155C900536F0E /* NSMutableArray+Helpers.m */,
			);
			name = Helpers;
			sourceTree = "<group>";
		};
/* End PBXGroup section */

/* Begin PBXNativeTarget section */
		B0A37B09168BF54D00D35B81 /* Partner Up */ = {
			isa = PBXNativeTarget;
			buildConfigurationList = B0A37B39168BF54E00D35B81 /* Build configuration list for PBXNativeTarget "Partner Up" */;
			buildPhases = (
				B0A37B06168BF54D00D35B81 /* Sources */,
				B0A37B07168BF54D00D35B81 /* Frameworks */,
				B0A37B08168BF54D00D35B81 /* Resources */,
			);
			buildRules = (
			);
			dependencies = (
				2CEB6B68168C035900D7C8B1 /* PBXTargetDependency */,
			);
			name = "Partner Up";
			productName = "Partner Up";
			productReference = B0A37B0A168BF54D00D35B81 /* Partner Up.app */;
			productType = "com.apple.product-type.application";
		};
/* End PBXNativeTarget section */

/* Begin PBXProject section */
		B0A37B01168BF54D00D35B81 /* Project object */ = {
			isa = PBXProject;
			attributes = {
				LastUpgradeCheck = 0450;
				ORGANIZATIONNAME = "Bathroom Gaming";
			};
			buildConfigurationList = B0A37B04168BF54D00D35B81 /* Build configuration list for PBXProject "Partner Up" */;
			compatibilityVersion = "Xcode 3.2";
			developmentRegion = English;
			hasScannedForEncodings = 0;
			knownRegions = (
				en,
			);
			mainGroup = B0A37AFF168BF54D00D35B81;
			productRefGroup = B0A37B0B168BF54D00D35B81 /* Products */;
			projectDirPath = "";
			projectRoot = "";
			targets = (
				B0A37B09168BF54D00D35B81 /* Partner Up */,
				2CEB6B59168C025500D7C8B1 /* Mogenerator */,
			);
		};
/* End PBXProject section */

/* Begin PBXResourcesBuildPhase section */
		B0A37B08168BF54D00D35B81 /* Resources */ = {
			isa = PBXResourcesBuildPhase;
			buildActionMask = 2147483647;
			files = (
				B0A37B1B168BF54D00D35B81 /* InfoPlist.strings in Resources */,
				B0A37B23168BF54D00D35B81 /* Default.png in Resources */,
				B0A37B25168BF54E00D35B81 /* Default@2x.png in Resources */,
				B0A37B27168BF54E00D35B81 /* Default-568h@2x.png in Resources */,
				B0A37B2A168BF54E00D35B81 /* MainStoryboard_iPhone.storyboard in Resources */,
				B0A37B2D168BF54E00D35B81 /* MainStoryboard_iPad.storyboard in Resources */,
				2CEB6B84168C2E1D00D7C8B1 /* README.md in Resources */,
				2CEB6B85168C2E1D00D7C8B1 /* release_notes.md in Resources */,
			);
			runOnlyForDeploymentPostprocessing = 0;
		};
/* End PBXResourcesBuildPhase section */

/* Begin PBXShellScriptBuildPhase section */
		2CEB6B5D168C027900D7C8B1 /* ShellScript */ = {
			isa = PBXShellScriptBuildPhase;
			buildActionMask = 2147483647;
			files = (
			);
			inputPaths = (
			);
			outputPaths = (
			);
			runOnlyForDeploymentPostprocessing = 0;
			shellPath = /bin/sh;
			shellScript = "cd Partner\\ Up\nmogenerator\t-m Partner_Up.xcdatamodeld -M CoreData/MachineFiles/ -H CoreData/HumanFiles/ --template-var arc=true";
		};
/* End PBXShellScriptBuildPhase section */

/* Begin PBXSourcesBuildPhase section */
		B0A37B06168BF54D00D35B81 /* Sources */ = {
			isa = PBXSourcesBuildPhase;
			buildActionMask = 2147483647;
			files = (
				B0A37B1D168BF54D00D35B81 /* main.m in Sources */,
				B0A37B30168BF54E00D35B81 /* Partner_Up.xcdatamodeld in Sources */,
				B0A37B36168BF54E00D35B81 /* GroupsViewController.m in Sources */,
				2CEB6B57168C015800D7C8B1 /* SingleCDStack.m in Sources */,
				2CEB6B78168C263500D7C8B1 /* PersonEntity.m in Sources */,
				2CEB6B79168C263500D7C8B1 /* _PersonEntity.m in Sources */,
				2CEB6B7D168C284E00D7C8B1 /* AppDelegate.m in Sources */,
				2C911524168CF6FC0089768D /* ClassDetailsViewController.m in Sources */,
				2C911529168D084F0089768D /* ClassEntity.m in Sources */,
				2C91152A168D084F0089768D /* GroupEntity.m in Sources */,
				2C91152F168D08730089768D /* _ClassEntity.m in Sources */,
				2C911530168D08730089768D /* _GroupEntity.m in Sources */,
				2C897D00168D62AE00F66936 /* SetEntity.m in Sources */,
				2C897D03168D62B700F66936 /* _SetEntity.m in Sources */,
				2C8F1701168F72B200A5F5E1 /* GroupDetailsViewController.m in Sources */,
				2C8FCB441690B051009982D3 /* NSManagedObject+WATK_Extension.m in Sources */,
				B00A09481690164700614363 /* ClassesViewController.m in Sources */,
				2C964B751691499400896116 /* SetViewController.m in Sources */,
				B0B6204716914BA400536F0E /* SetGenerator.m in Sources */,
				B0B6204C169155C900536F0E /* NSMutableArray+Helpers.m in Sources */,
			);
			runOnlyForDeploymentPostprocessing = 0;
		};
/* End PBXSourcesBuildPhase section */

/* Begin PBXTargetDependency section */
		2CEB6B68168C035900D7C8B1 /* PBXTargetDependency */ = {
			isa = PBXTargetDependency;
			target = 2CEB6B59168C025500D7C8B1 /* Mogenerator */;
			targetProxy = 2CEB6B67168C035900D7C8B1 /* PBXContainerItemProxy */;
		};
/* End PBXTargetDependency section */

/* Begin PBXVariantGroup section */
		B0A37B19168BF54D00D35B81 /* InfoPlist.strings */ = {
			isa = PBXVariantGroup;
			children = (
				B0A37B1A168BF54D00D35B81 /* en */,
			);
			name = InfoPlist.strings;
			sourceTree = "<group>";
		};
		B0A37B28168BF54E00D35B81 /* MainStoryboard_iPhone.storyboard */ = {
			isa = PBXVariantGroup;
			children = (
				B0A37B29168BF54E00D35B81 /* en */,
			);
			name = MainStoryboard_iPhone.storyboard;
			sourceTree = "<group>";
		};
		B0A37B2B168BF54E00D35B81 /* MainStoryboard_iPad.storyboard */ = {
			isa = PBXVariantGroup;
			children = (
				B0A37B2C168BF54E00D35B81 /* en */,
			);
			name = MainStoryboard_iPad.storyboard;
			sourceTree = "<group>";
		};
/* End PBXVariantGroup section */

/* Begin XCBuildConfiguration section */
		2CEB6B5B168C025500D7C8B1 /* Debug */ = {
			isa = XCBuildConfiguration;
			buildSettings = {
				PRODUCT_NAME = "$(TARGET_NAME)";
			};
			name = Debug;
		};
		2CEB6B5C168C025500D7C8B1 /* Release */ = {
			isa = XCBuildConfiguration;
			buildSettings = {
				PRODUCT_NAME = "$(TARGET_NAME)";
			};
			name = Release;
		};
		B0A37B37168BF54E00D35B81 /* Debug */ = {
			isa = XCBuildConfiguration;
			buildSettings = {
				ALWAYS_SEARCH_USER_PATHS = NO;
				CLANG_CXX_LANGUAGE_STANDARD = "gnu++0x";
				CLANG_CXX_LIBRARY = "libc++";
				CLANG_ENABLE_OBJC_ARC = YES;
				CLANG_WARN_EMPTY_BODY = YES;
				CLANG_WARN__DUPLICATE_METHOD_MATCH = YES;
				"CODE_SIGN_IDENTITY[sdk=iphoneos*]" = "iPhone Developer";
				COPY_PHASE_STRIP = NO;
				GCC_C_LANGUAGE_STANDARD = gnu99;
				GCC_DYNAMIC_NO_PIC = NO;
				GCC_OPTIMIZATION_LEVEL = 0;
				GCC_PREPROCESSOR_DEFINITIONS = (
					"DEBUG=1",
					"$(inherited)",
				);
				GCC_SYMBOLS_PRIVATE_EXTERN = NO;
				GCC_WARN_ABOUT_RETURN_TYPE = YES;
				GCC_WARN_UNINITIALIZED_AUTOS = YES;
				GCC_WARN_UNUSED_VARIABLE = YES;
				IPHONEOS_DEPLOYMENT_TARGET = 6.0;
				ONLY_ACTIVE_ARCH = YES;
				SDKROOT = iphoneos;
				TARGETED_DEVICE_FAMILY = "1,2";
			};
			name = Debug;
		};
		B0A37B38168BF54E00D35B81 /* Release */ = {
			isa = XCBuildConfiguration;
			buildSettings = {
				ALWAYS_SEARCH_USER_PATHS = NO;
				CLANG_CXX_LANGUAGE_STANDARD = "gnu++0x";
				CLANG_CXX_LIBRARY = "libc++";
				CLANG_ENABLE_OBJC_ARC = YES;
				CLANG_WARN_EMPTY_BODY = YES;
				CLANG_WARN__DUPLICATE_METHOD_MATCH = YES;
				"CODE_SIGN_IDENTITY[sdk=iphoneos*]" = "iPhone Developer";
				COPY_PHASE_STRIP = YES;
				GCC_C_LANGUAGE_STANDARD = gnu99;
				GCC_WARN_ABOUT_RETURN_TYPE = YES;
				GCC_WARN_UNINITIALIZED_AUTOS = YES;
				GCC_WARN_UNUSED_VARIABLE = YES;
				IPHONEOS_DEPLOYMENT_TARGET = 6.0;
				OTHER_CFLAGS = "-DNS_BLOCK_ASSERTIONS=1";
				SDKROOT = iphoneos;
				TARGETED_DEVICE_FAMILY = "1,2";
				VALIDATE_PRODUCT = YES;
			};
			name = Release;
		};
		B0A37B3A168BF54E00D35B81 /* Debug */ = {
			isa = XCBuildConfiguration;
			buildSettings = {
				GCC_PRECOMPILE_PREFIX_HEADER = YES;
				GCC_PREFIX_HEADER = "Partner Up/Partner Up-Prefix.pch";
				INFOPLIST_FILE = "Partner Up/Partner Up-Info.plist";
				LIBRARY_SEARCH_PATHS = (
					"$(inherited)",
					"\"$(SRCROOT)/Partner Up/TestFlightSDK1.2\"",
				);
				PRODUCT_NAME = "$(TARGET_NAME)";
				WRAPPER_EXTENSION = app;
			};
			name = Debug;
		};
		B0A37B3B168BF54E00D35B81 /* Release */ = {
			isa = XCBuildConfiguration;
			buildSettings = {
				GCC_PRECOMPILE_PREFIX_HEADER = YES;
				GCC_PREFIX_HEADER = "Partner Up/Partner Up-Prefix.pch";
				INFOPLIST_FILE = "Partner Up/Partner Up-Info.plist";
				LIBRARY_SEARCH_PATHS = (
					"$(inherited)",
					"\"$(SRCROOT)/Partner Up/TestFlightSDK1.2\"",
				);
				PRODUCT_NAME = "$(TARGET_NAME)";
				WRAPPER_EXTENSION = app;
			};
			name = Release;
		};
/* End XCBuildConfiguration section */

/* Begin XCConfigurationList section */
		2CEB6B5A168C025500D7C8B1 /* Build configuration list for PBXAggregateTarget "Mogenerator" */ = {
			isa = XCConfigurationList;
			buildConfigurations = (
				2CEB6B5B168C025500D7C8B1 /* Debug */,
				2CEB6B5C168C025500D7C8B1 /* Release */,
			);
			defaultConfigurationIsVisible = 0;
			defaultConfigurationName = Release;
		};
		B0A37B04168BF54D00D35B81 /* Build configuration list for PBXProject "Partner Up" */ = {
			isa = XCConfigurationList;
			buildConfigurations = (
				B0A37B37168BF54E00D35B81 /* Debug */,
				B0A37B38168BF54E00D35B81 /* Release */,
			);
			defaultConfigurationIsVisible = 0;
			defaultConfigurationName = Release;
		};
		B0A37B39168BF54E00D35B81 /* Build configuration list for PBXNativeTarget "Partner Up" */ = {
			isa = XCConfigurationList;
			buildConfigurations = (
				B0A37B3A168BF54E00D35B81 /* Debug */,
				B0A37B3B168BF54E00D35B81 /* Release */,
			);
			defaultConfigurationIsVisible = 0;
			defaultConfigurationName = Release;
		};
/* End XCConfigurationList section */

/* Begin XCVersionGroup section */
		B0A37B2E168BF54E00D35B81 /* Partner_Up.xcdatamodeld */ = {
			isa = XCVersionGroup;
			children = (
				B0A37B2F168BF54E00D35B81 /* Partner_Up.xcdatamodel */,
			);
			currentVersion = B0A37B2F168BF54E00D35B81 /* Partner_Up.xcdatamodel */;
			path = Partner_Up.xcdatamodeld;
			sourceTree = "<group>";
			versionGroupType = wrapper.xcdatamodel;
		};
/* End XCVersionGroup section */
	};
	rootObject = B0A37B01168BF54D00D35B81 /* Project object */;
}
